
Microsoft Visual Studio Solution File, Format Version 12.00
# Visual Studio Version 16
VisualStudioVersion = 16.0.30523.141
MinimumVisualStudioVersion = 10.0.40219.1
Project("{159641D6-6404-4A2A-AE62-294DE0FE8301}") = "LabDataScience_SSIS", "LabDataScience_SSIS\LabDataScience_SSIS.dtproj", "{E9980733-9F6B-4232-B223-7A288D2C8EDD}"
EndProject
Global
	GlobalSection(SolutionConfigurationPlatforms) = preSolution
		Development|Default = Development|Default
	EndGlobalSection
	GlobalSection(ProjectConfigurationPlatforms) = postSolution
		{E9980733-9F6B-4232-B223-7A288D2C8EDD}.Development|Default.ActiveCfg = Development
		{E9980733-9F6B-4232-B223-7A288D2C8EDD}.Development|Default.Build.0 = Development
	EndGlobalSection
	GlobalSection(SolutionProperties) = preSolution
		HideSolutionNode = FALSE
	EndGlobalSection
	GlobalSection(ExtensibilityGlobals) = postSolution
		SolutionGuid = {ED08DA11-2017-4B21-AE7D-A6C8B95EE3A5}
	EndGlobalSection
EndGlobal
