
Microsoft Visual Studio Solution File, Format Version 12.00
# Visual Studio Version 16
VisualStudioVersion = 16.0.30523.141
MinimumVisualStudioVersion = 10.0.40219.1
Project("{159641D6-6404-4A2A-AE62-294DE0FE8301}") = "LDS_Part2_05", "LDS_Part2_05.dtproj", "{04FF990F-7E49-4B32-A471-D3CE29F22971}"
EndProject
Global
	GlobalSection(SolutionConfigurationPlatforms) = preSolution
		Development|Default = Development|Default
	EndGlobalSection
	GlobalSection(ProjectConfigurationPlatforms) = postSolution
		{04FF990F-7E49-4B32-A471-D3CE29F22971}.Development|Default.ActiveCfg = Development
		{04FF990F-7E49-4B32-A471-D3CE29F22971}.Development|Default.Build.0 = Development
	EndGlobalSection
	GlobalSection(SolutionProperties) = preSolution
		HideSolutionNode = FALSE
	EndGlobalSection
	GlobalSection(ExtensibilityGlobals) = postSolution
		SolutionGuid = {03A291A4-077A-4EB1-B13A-1D66187333CA}
	EndGlobalSection
EndGlobal
