
Microsoft Visual Studio Solution File, Format Version 12.00
# Visual Studio 15
VisualStudioVersion = 15.0.28307.1259
MinimumVisualStudioVersion = 10.0.40219.1
Project("{159641D6-6404-4A2A-AE62-294DE0FE8301}") = "LDS First Project", "LDS First Project\LDS First Project.dtproj", "{33637AB0-CF51-449D-BFCE-64382B91DA5E}"
EndProject
Global
	GlobalSection(SolutionConfigurationPlatforms) = preSolution
		Development|Default = Development|Default
	EndGlobalSection
	GlobalSection(ProjectConfigurationPlatforms) = postSolution
		{33637AB0-CF51-449D-BFCE-64382B91DA5E}.Development|Default.ActiveCfg = Development
		{33637AB0-CF51-449D-BFCE-64382B91DA5E}.Development|Default.Build.0 = Development
	EndGlobalSection
	GlobalSection(SolutionProperties) = preSolution
		HideSolutionNode = FALSE
	EndGlobalSection
	GlobalSection(ExtensibilityGlobals) = postSolution
		SolutionGuid = {31B37810-7D63-4EAD-8847-2B657D7F8A9D}
	EndGlobalSection
EndGlobal
